// !$*UTF8*$!
{
	archiveVersion = 1;
	classes = {
	};
	objectVersion = 46;
	objects = {

/* Begin PBXBuildFile section */
		668F8173A6B57B932C98BB06 /* Pods_Happy_ShopTests.framework in Frameworks */ = {isa = PBXBuildFile; fileRef = D3B08818F362F0E18CD28EBD /* Pods_Happy_ShopTests.framework */; };
		C22F5563A02C6BC830201D89 /* Pods_Happy_Shop.framework in Frameworks */ = {isa = PBXBuildFile; fileRef = 6B2B1FEA2DF664373EF9FEFA /* Pods_Happy_Shop.framework */; };
		EA9D402E1F5CD482009630FA /* Main.storyboard in Resources */ = {isa = PBXBuildFile; fileRef = EA9D402C1F5CD482009630FA /* Main.storyboard */; };
		EA9D40371F5D0231009630FA /* SephoraAPI.swift in Sources */ = {isa = PBXBuildFile; fileRef = EA9D40361F5D0231009630FA /* SephoraAPI.swift */; };
		EA9D403C1F5D2CE6009630FA /* Category.swift in Sources */ = {isa = PBXBuildFile; fileRef = EA9D403B1F5D2CE6009630FA /* Category.swift */; };
		EA9D403E1F5D2D3A009630FA /* JSONAble.swift in Sources */ = {isa = PBXBuildFile; fileRef = EA9D403D1F5D2D3A009630FA /* JSONAble.swift */; };
		EA9D40401F5D2EDB009630FA /* Product.swift in Sources */ = {isa = PBXBuildFile; fileRef = EA9D403F1F5D2EDB009630FA /* Product.swift */; };
		EA9D40451F5D312A009630FA /* CategoryLoader.swift in Sources */ = {isa = PBXBuildFile; fileRef = EA9D40441F5D312A009630FA /* CategoryLoader.swift */; };
		EA9D40471F5D3E8A009630FA /* ProductLoader.swift in Sources */ = {isa = PBXBuildFile; fileRef = EA9D40461F5D3E8A009630FA /* ProductLoader.swift */; };
		EA9D404C1F5D45BF009630FA /* HomeViewController.swift in Sources */ = {isa = PBXBuildFile; fileRef = EA9D404B1F5D45BF009630FA /* HomeViewController.swift */; };
		EA9D40501F5D4AD9009630FA /* LabelCell.swift in Sources */ = {isa = PBXBuildFile; fileRef = EA9D404F1F5D4AD9009630FA /* LabelCell.swift */; };
		EA9D40531F5D4B7A009630FA /* LabelSectionController.swift in Sources */ = {isa = PBXBuildFile; fileRef = EA9D40521F5D4B7A009630FA /* LabelSectionController.swift */; };
		EA9D40561F5D4D84009630FA /* LabelCell.xib in Resources */ = {isa = PBXBuildFile; fileRef = EA9D40551F5D4D84009630FA /* LabelCell.xib */; };
		EA9D40581F5D5320009630FA /* ProductCell.xib in Resources */ = {isa = PBXBuildFile; fileRef = EA9D40571F5D5320009630FA /* ProductCell.xib */; };
		EA9D405A1F5D5477009630FA /* ProductCell.swift in Sources */ = {isa = PBXBuildFile; fileRef = EA9D40591F5D5477009630FA /* ProductCell.swift */; };
		EA9D405C1F5D5521009630FA /* CategoryViewController.swift in Sources */ = {isa = PBXBuildFile; fileRef = EA9D405B1F5D5521009630FA /* CategoryViewController.swift */; };
		EAE6C0601F5CC59100BDFAB8 /* AppDelegate.swift in Sources */ = {isa = PBXBuildFile; fileRef = EAE6C05F1F5CC59100BDFAB8 /* AppDelegate.swift */; };
		EAE6C0671F5CC59200BDFAB8 /* Assets.xcassets in Resources */ = {isa = PBXBuildFile; fileRef = EAE6C0661F5CC59200BDFAB8 /* Assets.xcassets */; };
		EAE6C06A1F5CC59200BDFAB8 /* LaunchScreen.storyboard in Resources */ = {isa = PBXBuildFile; fileRef = EAE6C0681F5CC59200BDFAB8 /* LaunchScreen.storyboard */; };
		EAE6C0751F5CC59200BDFAB8 /* Happy_ShopTests.swift in Sources */ = {isa = PBXBuildFile; fileRef = EAE6C0741F5CC59200BDFAB8 /* Happy_ShopTests.swift */; };
/* End PBXBuildFile section */

/* Begin PBXContainerItemProxy section */
		EAE6C0711F5CC59200BDFAB8 /* PBXContainerItemProxy */ = {
			isa = PBXContainerItemProxy;
			containerPortal = EAE6C0541F5CC59100BDFAB8 /* Project object */;
			proxyType = 1;
			remoteGlobalIDString = EAE6C05B1F5CC59100BDFAB8;
			remoteInfo = "Happy Shop";
		};
/* End PBXContainerItemProxy section */

/* Begin PBXFileReference section */
		17AE65876F716C2A5D3AAC3A /* Pods-Happy Shop.debug.xcconfig */ = {isa = PBXFileReference; includeInIndex = 1; lastKnownFileType = text.xcconfig; name = "Pods-Happy Shop.debug.xcconfig"; path = "Pods/Target Support Files/Pods-Happy Shop/Pods-Happy Shop.debug.xcconfig"; sourceTree = "<group>"; };
		3D3BDBB468D53D3223C8EE8F /* Pods-Happy ShopTests.debug.xcconfig */ = {isa = PBXFileReference; includeInIndex = 1; lastKnownFileType = text.xcconfig; name = "Pods-Happy ShopTests.debug.xcconfig"; path = "Pods/Target Support Files/Pods-Happy ShopTests/Pods-Happy ShopTests.debug.xcconfig"; sourceTree = "<group>"; };
		6B2B1FEA2DF664373EF9FEFA /* Pods_Happy_Shop.framework */ = {isa = PBXFileReference; explicitFileType = wrapper.framework; includeInIndex = 0; path = Pods_Happy_Shop.framework; sourceTree = BUILT_PRODUCTS_DIR; };
		BD0184CE028F32AA9EB658E4 /* Pods-Happy ShopTests.release.xcconfig */ = {isa = PBXFileReference; includeInIndex = 1; lastKnownFileType = text.xcconfig; name = "Pods-Happy ShopTests.release.xcconfig"; path = "Pods/Target Support Files/Pods-Happy ShopTests/Pods-Happy ShopTests.release.xcconfig"; sourceTree = "<group>"; };
		D3B08818F362F0E18CD28EBD /* Pods_Happy_ShopTests.framework */ = {isa = PBXFileReference; explicitFileType = wrapper.framework; includeInIndex = 0; path = Pods_Happy_ShopTests.framework; sourceTree = BUILT_PRODUCTS_DIR; };
		DD323858C52C144B3F842B59 /* Pods-Happy Shop.release.xcconfig */ = {isa = PBXFileReference; includeInIndex = 1; lastKnownFileType = text.xcconfig; name = "Pods-Happy Shop.release.xcconfig"; path = "Pods/Target Support Files/Pods-Happy Shop/Pods-Happy Shop.release.xcconfig"; sourceTree = "<group>"; };
		EA9D402D1F5CD482009630FA /* Base */ = {isa = PBXFileReference; lastKnownFileType = file.storyboard; name = Base; path = Base.lproj/Main.storyboard; sourceTree = "<group>"; };
		EA9D40361F5D0231009630FA /* SephoraAPI.swift */ = {isa = PBXFileReference; fileEncoding = 4; lastKnownFileType = sourcecode.swift; path = SephoraAPI.swift; sourceTree = "<group>"; };
		EA9D403B1F5D2CE6009630FA /* Category.swift */ = {isa = PBXFileReference; fileEncoding = 4; lastKnownFileType = sourcecode.swift; path = Category.swift; sourceTree = "<group>"; };
		EA9D403D1F5D2D3A009630FA /* JSONAble.swift */ = {isa = PBXFileReference; fileEncoding = 4; lastKnownFileType = sourcecode.swift; path = JSONAble.swift; sourceTree = "<group>"; };
		EA9D403F1F5D2EDB009630FA /* Product.swift */ = {isa = PBXFileReference; fileEncoding = 4; lastKnownFileType = sourcecode.swift; path = Product.swift; sourceTree = "<group>"; };
		EA9D40441F5D312A009630FA /* CategoryLoader.swift */ = {isa = PBXFileReference; fileEncoding = 4; lastKnownFileType = sourcecode.swift; path = CategoryLoader.swift; sourceTree = "<group>"; };
		EA9D40461F5D3E8A009630FA /* ProductLoader.swift */ = {isa = PBXFileReference; fileEncoding = 4; lastKnownFileType = sourcecode.swift; path = ProductLoader.swift; sourceTree = "<group>"; };
		EA9D404B1F5D45BF009630FA /* HomeViewController.swift */ = {isa = PBXFileReference; fileEncoding = 4; lastKnownFileType = sourcecode.swift; path = HomeViewController.swift; sourceTree = "<group>"; };
		EA9D404F1F5D4AD9009630FA /* LabelCell.swift */ = {isa = PBXFileReference; fileEncoding = 4; lastKnownFileType = sourcecode.swift; path = LabelCell.swift; sourceTree = "<group>"; };
		EA9D40521F5D4B7A009630FA /* LabelSectionController.swift */ = {isa = PBXFileReference; fileEncoding = 4; lastKnownFileType = sourcecode.swift; path = LabelSectionController.swift; sourceTree = "<group>"; };
		EA9D40551F5D4D84009630FA /* LabelCell.xib */ = {isa = PBXFileReference; fileEncoding = 4; lastKnownFileType = file.xib; path = LabelCell.xib; sourceTree = "<group>"; };
		EA9D40571F5D5320009630FA /* ProductCell.xib */ = {isa = PBXFileReference; fileEncoding = 4; lastKnownFileType = file.xib; path = ProductCell.xib; sourceTree = "<group>"; };
		EA9D40591F5D5477009630FA /* ProductCell.swift */ = {isa = PBXFileReference; fileEncoding = 4; lastKnownFileType = sourcecode.swift; path = ProductCell.swift; sourceTree = "<group>"; };
		EA9D405B1F5D5521009630FA /* CategoryViewController.swift */ = {isa = PBXFileReference; fileEncoding = 4; lastKnownFileType = sourcecode.swift; path = CategoryViewController.swift; sourceTree = "<group>"; };
		EAE6C05C1F5CC59100BDFAB8 /* Happy Shop.app */ = {isa = PBXFileReference; explicitFileType = wrapper.application; includeInIndex = 0; path = "Happy Shop.app"; sourceTree = BUILT_PRODUCTS_DIR; };
		EAE6C05F1F5CC59100BDFAB8 /* AppDelegate.swift */ = {isa = PBXFileReference; lastKnownFileType = sourcecode.swift; path = AppDelegate.swift; sourceTree = "<group>"; };
		EAE6C0661F5CC59200BDFAB8 /* Assets.xcassets */ = {isa = PBXFileReference; lastKnownFileType = folder.assetcatalog; path = Assets.xcassets; sourceTree = "<group>"; };
		EAE6C0691F5CC59200BDFAB8 /* Base */ = {isa = PBXFileReference; lastKnownFileType = file.storyboard; name = Base; path = Base.lproj/LaunchScreen.storyboard; sourceTree = "<group>"; };
		EAE6C06B1F5CC59200BDFAB8 /* Info.plist */ = {isa = PBXFileReference; lastKnownFileType = text.plist.xml; path = Info.plist; sourceTree = "<group>"; };
		EAE6C0701F5CC59200BDFAB8 /* Happy ShopTests.xctest */ = {isa = PBXFileReference; explicitFileType = wrapper.cfbundle; includeInIndex = 0; path = "Happy ShopTests.xctest"; sourceTree = BUILT_PRODUCTS_DIR; };
		EAE6C0741F5CC59200BDFAB8 /* Happy_ShopTests.swift */ = {isa = PBXFileReference; lastKnownFileType = sourcecode.swift; path = Happy_ShopTests.swift; sourceTree = "<group>"; };
		EAE6C0761F5CC59200BDFAB8 /* Info.plist */ = {isa = PBXFileReference; lastKnownFileType = text.plist.xml; path = Info.plist; sourceTree = "<group>"; };
/* End PBXFileReference section */

/* Begin PBXFrameworksBuildPhase section */
		EAE6C0591F5CC59100BDFAB8 /* Frameworks */ = {
			isa = PBXFrameworksBuildPhase;
			buildActionMask = 2147483647;
			files = (
				C22F5563A02C6BC830201D89 /* Pods_Happy_Shop.framework in Frameworks */,
			);
			runOnlyForDeploymentPostprocessing = 0;
		};
		EAE6C06D1F5CC59200BDFAB8 /* Frameworks */ = {
			isa = PBXFrameworksBuildPhase;
			buildActionMask = 2147483647;
			files = (
				668F8173A6B57B932C98BB06 /* Pods_Happy_ShopTests.framework in Frameworks */,
			);
			runOnlyForDeploymentPostprocessing = 0;
		};
/* End PBXFrameworksBuildPhase section */

/* Begin PBXGroup section */
		40E5711549ADFBD876C56249 /* Frameworks */ = {
			isa = PBXGroup;
			children = (
				6B2B1FEA2DF664373EF9FEFA /* Pods_Happy_Shop.framework */,
				D3B08818F362F0E18CD28EBD /* Pods_Happy_ShopTests.framework */,
			);
			name = Frameworks;
			sourceTree = "<group>";
		};
		794322450EC9EC9B860F1CE1 /* Pods */ = {
			isa = PBXGroup;
			children = (
				17AE65876F716C2A5D3AAC3A /* Pods-Happy Shop.debug.xcconfig */,
				DD323858C52C144B3F842B59 /* Pods-Happy Shop.release.xcconfig */,
				3D3BDBB468D53D3223C8EE8F /* Pods-Happy ShopTests.debug.xcconfig */,
				BD0184CE028F32AA9EB658E4 /* Pods-Happy ShopTests.release.xcconfig */,
			);
			name = Pods;
			sourceTree = "<group>";
		};
		EA9D40351F5D0221009630FA /* Networking */ = {
			isa = PBXGroup;
			children = (
				EA9D40361F5D0231009630FA /* SephoraAPI.swift */,
			);
			path = Networking;
			sourceTree = "<group>";
		};
		EA9D403A1F5D2CD8009630FA /* Models */ = {
			isa = PBXGroup;
			children = (
				EA9D403D1F5D2D3A009630FA /* JSONAble.swift */,
				EA9D403B1F5D2CE6009630FA /* Category.swift */,
				EA9D403F1F5D2EDB009630FA /* Product.swift */,
			);
			path = Models;
			sourceTree = "<group>";
		};
		EA9D40431F5D3112009630FA /* Systems */ = {
			isa = PBXGroup;
			children = (
				EA9D40441F5D312A009630FA /* CategoryLoader.swift */,
				EA9D40461F5D3E8A009630FA /* ProductLoader.swift */,
			);
			path = Systems;
			sourceTree = "<group>";
		};
		EA9D404A1F5D45B1009630FA /* ViewControllers */ = {
			isa = PBXGroup;
			children = (
				EA9D404B1F5D45BF009630FA /* HomeViewController.swift */,
				EA9D405B1F5D5521009630FA /* CategoryViewController.swift */,
			);
			path = ViewControllers;
			sourceTree = "<group>";
		};
		EA9D404E1F5D4AB1009630FA /* Views */ = {
			isa = PBXGroup;
			children = (
				EA9D404F1F5D4AD9009630FA /* LabelCell.swift */,
				EA9D40591F5D5477009630FA /* ProductCell.swift */,
			);
			path = Views;
			sourceTree = "<group>";
		};
		EA9D40511F5D4B2C009630FA /* SectionControllers */ = {
			isa = PBXGroup;
			children = (
				EA9D40521F5D4B7A009630FA /* LabelSectionController.swift */,
			);
			path = SectionControllers;
			sourceTree = "<group>";
		};
		EA9D40541F5D4D6D009630FA /* Nibs */ = {
			isa = PBXGroup;
			children = (
				EA9D40551F5D4D84009630FA /* LabelCell.xib */,
				EA9D40571F5D5320009630FA /* ProductCell.xib */,
			);
			path = Nibs;
			sourceTree = "<group>";
		};
		EAE6C0531F5CC59100BDFAB8 = {
			isa = PBXGroup;
			children = (
				EAE6C05E1F5CC59100BDFAB8 /* Happy Shop */,
				EAE6C0731F5CC59200BDFAB8 /* Happy ShopTests */,
				EAE6C05D1F5CC59100BDFAB8 /* Products */,
				794322450EC9EC9B860F1CE1 /* Pods */,
				40E5711549ADFBD876C56249 /* Frameworks */,
			);
			sourceTree = "<group>";
		};
		EAE6C05D1F5CC59100BDFAB8 /* Products */ = {
			isa = PBXGroup;
			children = (
				EAE6C05C1F5CC59100BDFAB8 /* Happy Shop.app */,
				EAE6C0701F5CC59200BDFAB8 /* Happy ShopTests.xctest */,
			);
			name = Products;
			sourceTree = "<group>";
		};
		EAE6C05E1F5CC59100BDFAB8 /* Happy Shop */ = {
			isa = PBXGroup;
			children = (
				EAE6C05F1F5CC59100BDFAB8 /* AppDelegate.swift */,
				EAE6C0661F5CC59200BDFAB8 /* Assets.xcassets */,
				EAE6C0681F5CC59200BDFAB8 /* LaunchScreen.storyboard */,
				EAE6C06B1F5CC59200BDFAB8 /* Info.plist */,
				EA9D402C1F5CD482009630FA /* Main.storyboard */,
				EA9D40351F5D0221009630FA /* Networking */,
				EA9D403A1F5D2CD8009630FA /* Models */,
				EA9D40431F5D3112009630FA /* Systems */,
				EA9D40511F5D4B2C009630FA /* SectionControllers */,
				EA9D404A1F5D45B1009630FA /* ViewControllers */,
				EA9D404E1F5D4AB1009630FA /* Views */,
				EA9D40541F5D4D6D009630FA /* Nibs */,
			);
			path = "Happy Shop";
			sourceTree = "<group>";
		};
		EAE6C0731F5CC59200BDFAB8 /* Happy ShopTests */ = {
			isa = PBXGroup;
			children = (
				EAE6C0741F5CC59200BDFAB8 /* Happy_ShopTests.swift */,
				EAE6C0761F5CC59200BDFAB8 /* Info.plist */,
			);
			path = "Happy ShopTests";
			sourceTree = "<group>";
		};
/* End PBXGroup section */

/* Begin PBXNativeTarget section */
		EAE6C05B1F5CC59100BDFAB8 /* Happy Shop */ = {
			isa = PBXNativeTarget;
			buildConfigurationList = EAE6C0791F5CC59200BDFAB8 /* Build configuration list for PBXNativeTarget "Happy Shop" */;
			buildPhases = (
				D98908A0E6343EC3A4618D98 /* [CP] Check Pods Manifest.lock */,
				EAE6C0581F5CC59100BDFAB8 /* Sources */,
				EAE6C0591F5CC59100BDFAB8 /* Frameworks */,
				EAE6C05A1F5CC59100BDFAB8 /* Resources */,
				571EA7B3C704A42F572B159A /* [CP] Embed Pods Frameworks */,
				70D4334718E8777E80D12B0A /* [CP] Copy Pods Resources */,
			);
			buildRules = (
			);
			dependencies = (
			);
			name = "Happy Shop";
			productName = "Happy Shop";
			productReference = EAE6C05C1F5CC59100BDFAB8 /* Happy Shop.app */;
			productType = "com.apple.product-type.application";
		};
		EAE6C06F1F5CC59200BDFAB8 /* Happy ShopTests */ = {
			isa = PBXNativeTarget;
			buildConfigurationList = EAE6C07C1F5CC59200BDFAB8 /* Build configuration list for PBXNativeTarget "Happy ShopTests" */;
			buildPhases = (
				35D5B7A1E26AC00F51CC45C7 /* [CP] Check Pods Manifest.lock */,
				EAE6C06C1F5CC59200BDFAB8 /* Sources */,
				EAE6C06D1F5CC59200BDFAB8 /* Frameworks */,
				EAE6C06E1F5CC59200BDFAB8 /* Resources */,
				6C0042602A4FC704EBCE86A5 /* [CP] Embed Pods Frameworks */,
				EEC63CE264FC515DCD55AF9B /* [CP] Copy Pods Resources */,
			);
			buildRules = (
			);
			dependencies = (
				EAE6C0721F5CC59200BDFAB8 /* PBXTargetDependency */,
			);
			name = "Happy ShopTests";
			productName = "Happy ShopTests";
			productReference = EAE6C0701F5CC59200BDFAB8 /* Happy ShopTests.xctest */;
			productType = "com.apple.product-type.bundle.unit-test";
		};
/* End PBXNativeTarget section */

/* Begin PBXProject section */
		EAE6C0541F5CC59100BDFAB8 /* Project object */ = {
			isa = PBXProject;
			attributes = {
				LastSwiftUpdateCheck = 0810;
				LastUpgradeCheck = 0810;
				ORGANIZATIONNAME = marcowesome;
				TargetAttributes = {
					EAE6C05B1F5CC59100BDFAB8 = {
						CreatedOnToolsVersion = 8.1;
						ProvisioningStyle = Automatic;
					};
					EAE6C06F1F5CC59200BDFAB8 = {
						CreatedOnToolsVersion = 8.1;
						ProvisioningStyle = Automatic;
						TestTargetID = EAE6C05B1F5CC59100BDFAB8;
					};
				};
			};
			buildConfigurationList = EAE6C0571F5CC59100BDFAB8 /* Build configuration list for PBXProject "Happy Shop" */;
			compatibilityVersion = "Xcode 3.2";
			developmentRegion = English;
			hasScannedForEncodings = 0;
			knownRegions = (
				en,
				Base,
			);
			mainGroup = EAE6C0531F5CC59100BDFAB8;
			productRefGroup = EAE6C05D1F5CC59100BDFAB8 /* Products */;
			projectDirPath = "";
			projectRoot = "";
			targets = (
				EAE6C05B1F5CC59100BDFAB8 /* Happy Shop */,
				EAE6C06F1F5CC59200BDFAB8 /* Happy ShopTests */,
			);
		};
/* End PBXProject section */

/* Begin PBXResourcesBuildPhase section */
		EAE6C05A1F5CC59100BDFAB8 /* Resources */ = {
			isa = PBXResourcesBuildPhase;
			buildActionMask = 2147483647;
			files = (
				EA9D402E1F5CD482009630FA /* Main.storyboard in Resources */,
				EAE6C06A1F5CC59200BDFAB8 /* LaunchScreen.storyboard in Resources */,
				EA9D40581F5D5320009630FA /* ProductCell.xib in Resources */,
				EA9D40561F5D4D84009630FA /* LabelCell.xib in Resources */,
				EAE6C0671F5CC59200BDFAB8 /* Assets.xcassets in Resources */,
			);
			runOnlyForDeploymentPostprocessing = 0;
		};
		EAE6C06E1F5CC59200BDFAB8 /* Resources */ = {
			isa = PBXResourcesBuildPhase;
			buildActionMask = 2147483647;
			files = (
			);
			runOnlyForDeploymentPostprocessing = 0;
		};
/* End PBXResourcesBuildPhase section */

/* Begin PBXShellScriptBuildPhase section */
		35D5B7A1E26AC00F51CC45C7 /* [CP] Check Pods Manifest.lock */ = {
			isa = PBXShellScriptBuildPhase;
			buildActionMask = 2147483647;
			files = (
			);
			inputPaths = (
			);
			name = "[CP] Check Pods Manifest.lock";
			outputPaths = (
			);
			runOnlyForDeploymentPostprocessing = 0;
			shellPath = /bin/sh;
			shellScript = "diff \"${PODS_PODFILE_DIR_PATH}/Podfile.lock\" \"${PODS_ROOT}/Manifest.lock\" > /dev/null\nif [ $? != 0 ] ; then\n    # print error to STDERR\n    echo \"error: The sandbox is not in sync with the Podfile.lock. Run 'pod install' or update your CocoaPods installation.\" >&2\n    exit 1\nfi\n";
			showEnvVarsInLog = 0;
		};
		571EA7B3C704A42F572B159A /* [CP] Embed Pods Frameworks */ = {
			isa = PBXShellScriptBuildPhase;
			buildActionMask = 2147483647;
			files = (
			);
			inputPaths = (
			);
			name = "[CP] Embed Pods Frameworks";
			outputPaths = (
			);
			runOnlyForDeploymentPostprocessing = 0;
			shellPath = /bin/sh;
			shellScript = "\"${SRCROOT}/Pods/Target Support Files/Pods-Happy Shop/Pods-Happy Shop-frameworks.sh\"\n";
			showEnvVarsInLog = 0;
		};
		6C0042602A4FC704EBCE86A5 /* [CP] Embed Pods Frameworks */ = {
			isa = PBXShellScriptBuildPhase;
			buildActionMask = 2147483647;
			files = (
			);
			inputPaths = (
			);
			name = "[CP] Embed Pods Frameworks";
			outputPaths = (
			);
			runOnlyForDeploymentPostprocessing = 0;
			shellPath = /bin/sh;
			shellScript = "\"${SRCROOT}/Pods/Target Support Files/Pods-Happy ShopTests/Pods-Happy ShopTests-frameworks.sh\"\n";
			showEnvVarsInLog = 0;
		};
		70D4334718E8777E80D12B0A /* [CP] Copy Pods Resources */ = {
			isa = PBXShellScriptBuildPhase;
			buildActionMask = 2147483647;
			files = (
			);
			inputPaths = (
			);
			name = "[CP] Copy Pods Resources";
			outputPaths = (
			);
			runOnlyForDeploymentPostprocessing = 0;
			shellPath = /bin/sh;
			shellScript = "\"${SRCROOT}/Pods/Target Support Files/Pods-Happy Shop/Pods-Happy Shop-resources.sh\"\n";
			showEnvVarsInLog = 0;
		};
		D98908A0E6343EC3A4618D98 /* [CP] Check Pods Manifest.lock */ = {
			isa = PBXShellScriptBuildPhase;
			buildActionMask = 2147483647;
			files = (
			);
			inputPaths = (
			);
			name = "[CP] Check Pods Manifest.lock";
			outputPaths = (
			);
			runOnlyForDeploymentPostprocessing = 0;
			shellPath = /bin/sh;
			shellScript = "diff \"${PODS_PODFILE_DIR_PATH}/Podfile.lock\" \"${PODS_ROOT}/Manifest.lock\" > /dev/null\nif [ $? != 0 ] ; then\n    # print error to STDERR\n    echo \"error: The sandbox is not in sync with the Podfile.lock. Run 'pod install' or update your CocoaPods installation.\" >&2\n    exit 1\nfi\n";
			showEnvVarsInLog = 0;
		};
		EEC63CE264FC515DCD55AF9B /* [CP] Copy Pods Resources */ = {
			isa = PBXShellScriptBuildPhase;
			buildActionMask = 2147483647;
			files = (
			);
			inputPaths = (
			);
			name = "[CP] Copy Pods Resources";
			outputPaths = (
			);
			runOnlyForDeploymentPostprocessing = 0;
			shellPath = /bin/sh;
			shellScript = "\"${SRCROOT}/Pods/Target Support Files/Pods-Happy ShopTests/Pods-Happy ShopTests-resources.sh\"\n";
			showEnvVarsInLog = 0;
		};
/* End PBXShellScriptBuildPhase section */

/* Begin PBXSourcesBuildPhase section */
		EAE6C0581F5CC59100BDFAB8 /* Sources */ = {
			isa = PBXSourcesBuildPhase;
			buildActionMask = 2147483647;
			files = (
				EAE6C0601F5CC59100BDFAB8 /* AppDelegate.swift in Sources */,
				EA9D405A1F5D5477009630FA /* ProductCell.swift in Sources */,
				EA9D40371F5D0231009630FA /* SephoraAPI.swift in Sources */,
				EA9D40531F5D4B7A009630FA /* LabelSectionController.swift in Sources */,
				EA9D405C1F5D5521009630FA /* CategoryViewController.swift in Sources */,
				EA9D40451F5D312A009630FA /* CategoryLoader.swift in Sources */,
				EA9D404C1F5D45BF009630FA /* HomeViewController.swift in Sources */,
				EA9D40471F5D3E8A009630FA /* ProductLoader.swift in Sources */,
				EA9D40401F5D2EDB009630FA /* Product.swift in Sources */,
				EA9D403C1F5D2CE6009630FA /* Category.swift in Sources */,
				EA9D40501F5D4AD9009630FA /* LabelCell.swift in Sources */,
				EA9D403E1F5D2D3A009630FA /* JSONAble.swift in Sources */,
			);
			runOnlyForDeploymentPostprocessing = 0;
		};
		EAE6C06C1F5CC59200BDFAB8 /* Sources */ = {
			isa = PBXSourcesBuildPhase;
			buildActionMask = 2147483647;
			files = (
				EAE6C0751F5CC59200BDFAB8 /* Happy_ShopTests.swift in Sources */,
			);
			runOnlyForDeploymentPostprocessing = 0;
		};
/* End PBXSourcesBuildPhase section */

/* Begin PBXTargetDependency section */
		EAE6C0721F5CC59200BDFAB8 /* PBXTargetDependency */ = {
			isa = PBXTargetDependency;
			target = EAE6C05B1F5CC59100BDFAB8 /* Happy Shop */;
			targetProxy = EAE6C0711F5CC59200BDFAB8 /* PBXContainerItemProxy */;
		};
/* End PBXTargetDependency section */

/* Begin PBXVariantGroup section */
		EA9D402C1F5CD482009630FA /* Main.storyboard */ = {
			isa = PBXVariantGroup;
			children = (
				EA9D402D1F5CD482009630FA /* Base */,
			);
			name = Main.storyboard;
			sourceTree = "<group>";
		};
		EAE6C0681F5CC59200BDFAB8 /* LaunchScreen.storyboard */ = {
			isa = PBXVariantGroup;
			children = (
				EAE6C0691F5CC59200BDFAB8 /* Base */,
			);
			name = LaunchScreen.storyboard;
			sourceTree = "<group>";
		};
/* End PBXVariantGroup section */

/* Begin XCBuildConfiguration section */
		EAE6C0771F5CC59200BDFAB8 /* Debug */ = {
			isa = XCBuildConfiguration;
			buildSettings = {
				ALWAYS_SEARCH_USER_PATHS = NO;
				CLANG_ANALYZER_NONNULL = YES;
				CLANG_CXX_LANGUAGE_STANDARD = "gnu++0x";
				CLANG_CXX_LIBRARY = "libc++";
				CLANG_ENABLE_MODULES = YES;
				CLANG_ENABLE_OBJC_ARC = YES;
				CLANG_WARN_BOOL_CONVERSION = YES;
				CLANG_WARN_CONSTANT_CONVERSION = YES;
				CLANG_WARN_DIRECT_OBJC_ISA_USAGE = YES_ERROR;
				CLANG_WARN_DOCUMENTATION_COMMENTS = YES;
				CLANG_WARN_EMPTY_BODY = YES;
				CLANG_WARN_ENUM_CONVERSION = YES;
				CLANG_WARN_INFINITE_RECURSION = YES;
				CLANG_WARN_INT_CONVERSION = YES;
				CLANG_WARN_OBJC_ROOT_CLASS = YES_ERROR;
				CLANG_WARN_SUSPICIOUS_MOVES = YES;
				CLANG_WARN_UNREACHABLE_CODE = YES;
				CLANG_WARN__DUPLICATE_METHOD_MATCH = YES;
				"CODE_SIGN_IDENTITY[sdk=iphoneos*]" = "iPhone Developer";
				COPY_PHASE_STRIP = NO;
				DEBUG_INFORMATION_FORMAT = dwarf;
				ENABLE_STRICT_OBJC_MSGSEND = YES;
				ENABLE_TESTABILITY = YES;
				GCC_C_LANGUAGE_STANDARD = gnu99;
				GCC_DYNAMIC_NO_PIC = NO;
				GCC_NO_COMMON_BLOCKS = YES;
				GCC_OPTIMIZATION_LEVEL = 0;
				GCC_PREPROCESSOR_DEFINITIONS = (
					"DEBUG=1",
					"$(inherited)",
				);
				GCC_WARN_64_TO_32_BIT_CONVERSION = YES;
				GCC_WARN_ABOUT_RETURN_TYPE = YES_ERROR;
				GCC_WARN_UNDECLARED_SELECTOR = YES;
				GCC_WARN_UNINITIALIZED_AUTOS = YES_AGGRESSIVE;
				GCC_WARN_UNUSED_FUNCTION = YES;
				GCC_WARN_UNUSED_VARIABLE = YES;
				IPHONEOS_DEPLOYMENT_TARGET = 10.1;
				MTL_ENABLE_DEBUG_INFO = YES;
				ONLY_ACTIVE_ARCH = YES;
				SDKROOT = iphoneos;
				SWIFT_ACTIVE_COMPILATION_CONDITIONS = DEBUG;
				SWIFT_OPTIMIZATION_LEVEL = "-Onone";
				TARGETED_DEVICE_FAMILY = "1,2";
			};
			name = Debug;
		};
		EAE6C0781F5CC59200BDFAB8 /* Release */ = {
			isa = XCBuildConfiguration;
			buildSettings = {
				ALWAYS_SEARCH_USER_PATHS = NO;
				CLANG_ANALYZER_NONNULL = YES;
				CLANG_CXX_LANGUAGE_STANDARD = "gnu++0x";
				CLANG_CXX_LIBRARY = "libc++";
				CLANG_ENABLE_MODULES = YES;
				CLANG_ENABLE_OBJC_ARC = YES;
				CLANG_WARN_BOOL_CONVERSION = YES;
				CLANG_WARN_CONSTANT_CONVERSION = YES;
				CLANG_WARN_DIRECT_OBJC_ISA_USAGE = YES_ERROR;
				CLANG_WARN_DOCUMENTATION_COMMENTS = YES;
				CLANG_WARN_EMPTY_BODY = YES;
				CLANG_WARN_ENUM_CONVERSION = YES;
				CLANG_WARN_INFINITE_RECURSION = YES;
				CLANG_WARN_INT_CONVERSION = YES;
				CLANG_WARN_OBJC_ROOT_CLASS = YES_ERROR;
				CLANG_WARN_SUSPICIOUS_MOVES = YES;
				CLANG_WARN_UNREACHABLE_CODE = YES;
				CLANG_WARN__DUPLICATE_METHOD_MATCH = YES;
				"CODE_SIGN_IDENTITY[sdk=iphoneos*]" = "iPhone Developer";
				COPY_PHASE_STRIP = NO;
				DEBUG_INFORMATION_FORMAT = "dwarf-with-dsym";
				ENABLE_NS_ASSERTIONS = NO;
				ENABLE_STRICT_OBJC_MSGSEND = YES;
				GCC_C_LANGUAGE_STANDARD = gnu99;
				GCC_NO_COMMON_BLOCKS = YES;
				GCC_WARN_64_TO_32_BIT_CONVERSION = YES;
				GCC_WARN_ABOUT_RETURN_TYPE = YES_ERROR;
				GCC_WARN_UNDECLARED_SELECTOR = YES;
				GCC_WARN_UNINITIALIZED_AUTOS = YES_AGGRESSIVE;
				GCC_WARN_UNUSED_FUNCTION = YES;
				GCC_WARN_UNUSED_VARIABLE = YES;
				IPHONEOS_DEPLOYMENT_TARGET = 10.1;
				MTL_ENABLE_DEBUG_INFO = NO;
				SDKROOT = iphoneos;
				SWIFT_OPTIMIZATION_LEVEL = "-Owholemodule";
				TARGETED_DEVICE_FAMILY = "1,2";
				VALIDATE_PRODUCT = YES;
			};
			name = Release;
		};
		EAE6C07A1F5CC59200BDFAB8 /* Debug */ = {
			isa = XCBuildConfiguration;
			baseConfigurationReference = 17AE65876F716C2A5D3AAC3A /* Pods-Happy Shop.debug.xcconfig */;
			buildSettings = {
				ASSETCATALOG_COMPILER_APPICON_NAME = AppIcon;
				INFOPLIST_FILE = "Happy Shop/Info.plist";
				LD_RUNPATH_SEARCH_PATHS = "$(inherited) @executable_path/Frameworks";
				PRODUCT_BUNDLE_IDENTIFIER = "com.marcowesome.Happy-Shop";
				PRODUCT_NAME = "$(TARGET_NAME)";
				SWIFT_VERSION = 3.0;
			};
			name = Debug;
		};
		EAE6C07B1F5CC59200BDFAB8 /* Release */ = {
			isa = XCBuildConfiguration;
			baseConfigurationReference = DD323858C52C144B3F842B59 /* Pods-Happy Shop.release.xcconfig */;
			buildSettings = {
				ASSETCATALOG_COMPILER_APPICON_NAME = AppIcon;
				INFOPLIST_FILE = "Happy Shop/Info.plist";
				LD_RUNPATH_SEARCH_PATHS = "$(inherited) @executable_path/Frameworks";
				PRODUCT_BUNDLE_IDENTIFIER = "com.marcowesome.Happy-Shop";
				PRODUCT_NAME = "$(TARGET_NAME)";
				SWIFT_VERSION = 3.0;
			};
			name = Release;
		};
		EAE6C07D1F5CC59200BDFAB8 /* Debug */ = {
			isa = XCBuildConfiguration;
			baseConfigurationReference = 3D3BDBB468D53D3223C8EE8F /* Pods-Happy ShopTests.debug.xcconfig */;
			buildSettings = {
				ALWAYS_EMBED_SWIFT_STANDARD_LIBRARIES = YES;
				BUNDLE_LOADER = "$(TEST_HOST)";
				INFOPLIST_FILE = "Happy ShopTests/Info.plist";
				LD_RUNPATH_SEARCH_PATHS = "$(inherited) @executable_path/Frameworks @loader_path/Frameworks";
				PRODUCT_BUNDLE_IDENTIFIER = "com.marcowesome.Happy-ShopTests";
				PRODUCT_NAME = "$(TARGET_NAME)";
				SWIFT_VERSION = 3.0;
				TEST_HOST = "$(BUILT_PRODUCTS_DIR)/Happy Shop.app/Happy Shop";
			};
			name = Debug;
		};
		EAE6C07E1F5CC59200BDFAB8 /* Release */ = {
			isa = XCBuildConfiguration;
			baseConfigurationReference = BD0184CE028F32AA9EB658E4 /* Pods-Happy ShopTests.release.xcconfig */;
			buildSettings = {
				ALWAYS_EMBED_SWIFT_STANDARD_LIBRARIES = YES;
				BUNDLE_LOADER = "$(TEST_HOST)";
				INFOPLIST_FILE = "Happy ShopTests/Info.plist";
				LD_RUNPATH_SEARCH_PATHS = "$(inherited) @executable_path/Frameworks @loader_path/Frameworks";
				PRODUCT_BUNDLE_IDENTIFIER = "com.marcowesome.Happy-ShopTests";
				PRODUCT_NAME = "$(TARGET_NAME)";
				SWIFT_VERSION = 3.0;
				TEST_HOST = "$(BUILT_PRODUCTS_DIR)/Happy Shop.app/Happy Shop";
			};
			name = Release;
		};
/* End XCBuildConfiguration section */

/* Begin XCConfigurationList section */
		EAE6C0571F5CC59100BDFAB8 /* Build configuration list for PBXProject "Happy Shop" */ = {
			isa = XCConfigurationList;
			buildConfigurations = (
				EAE6C0771F5CC59200BDFAB8 /* Debug */,
				EAE6C0781F5CC59200BDFAB8 /* Release */,
			);
			defaultConfigurationIsVisible = 0;
			defaultConfigurationName = Release;
		};
		EAE6C0791F5CC59200BDFAB8 /* Build configuration list for PBXNativeTarget "Happy Shop" */ = {
			isa = XCConfigurationList;
			buildConfigurations = (
				EAE6C07A1F5CC59200BDFAB8 /* Debug */,
				EAE6C07B1F5CC59200BDFAB8 /* Release */,
			);
			defaultConfigurationIsVisible = 0;
			defaultConfigurationName = Release;
		};
		EAE6C07C1F5CC59200BDFAB8 /* Build configuration list for PBXNativeTarget "Happy ShopTests" */ = {
			isa = XCConfigurationList;
			buildConfigurations = (
				EAE6C07D1F5CC59200BDFAB8 /* Debug */,
				EAE6C07E1F5CC59200BDFAB8 /* Release */,
			);
			defaultConfigurationIsVisible = 0;
			defaultConfigurationName = Release;
		};
/* End XCConfigurationList section */
	};
	rootObject = EAE6C0541F5CC59100BDFAB8 /* Project object */;
}
